// !$*UTF8*$!
{
	archiveVersion = 1;
	classes = {
	};
	objectVersion = 51;
	objects = {

/* Begin PBXBuildFile section */
		845AF74B24313F6F009CA3C4 /* AppDelegate.swift in Sources */ = {isa = PBXBuildFile; fileRef = 845AF74A24313F6F009CA3C4 /* AppDelegate.swift */; };
		845AF74D24313F6F009CA3C4 /* SceneDelegate.swift in Sources */ = {isa = PBXBuildFile; fileRef = 845AF74C24313F6F009CA3C4 /* SceneDelegate.swift */; };
		845AF75224313F6F009CA3C4 /* Main.storyboard in Resources */ = {isa = PBXBuildFile; fileRef = 845AF75024313F6F009CA3C4 /* Main.storyboard */; };
		845AF75424313F75009CA3C4 /* Assets.xcassets in Resources */ = {isa = PBXBuildFile; fileRef = 845AF75324313F75009CA3C4 /* Assets.xcassets */; };
		845AF75724313F75009CA3C4 /* LaunchScreen.storyboard in Resources */ = {isa = PBXBuildFile; fileRef = 845AF75524313F75009CA3C4 /* LaunchScreen.storyboard */; };
		845AF75F24314026009CA3C4 /* .gitignore in Resources */ = {isa = PBXBuildFile; fileRef = 845AF75E24314026009CA3C4 /* .gitignore */; };
		845AF7682433CC55009CA3C4 /* OneViewController.swift in Sources */ = {isa = PBXBuildFile; fileRef = 845AF7672433CC55009CA3C4 /* OneViewController.swift */; };
		845AF76D243DDEAD009CA3C4 /* SaveRoute.swift in Sources */ = {isa = PBXBuildFile; fileRef = 845AF76C243DDEAD009CA3C4 /* SaveRoute.swift */; };
		845AF770243E1A19009CA3C4 /* RealmData.swift in Sources */ = {isa = PBXBuildFile; fileRef = 845AF76F243E1A19009CA3C4 /* RealmData.swift */; };
		845AF7722445AF82009CA3C4 /* User.swift in Sources */ = {isa = PBXBuildFile; fileRef = 845AF7712445AF82009CA3C4 /* User.swift */; };
		845AF7762445BD1A009CA3C4 /* LoginViewController.swift in Sources */ = {isa = PBXBuildFile; fileRef = 845AF7752445BD1A009CA3C4 /* LoginViewController.swift */; };
		845AF77A2445CFD0009CA3C4 /* RegistrViewController.swift in Sources */ = {isa = PBXBuildFile; fileRef = 845AF7792445CFD0009CA3C4 /* RegistrViewController.swift */; };
		845AF77C2445D535009CA3C4 /* RealmUserData.swift in Sources */ = {isa = PBXBuildFile; fileRef = 845AF77B2445D535009CA3C4 /* RealmUserData.swift */; };
		845AF7802446E710009CA3C4 /* MainViewController.swift in Sources */ = {isa = PBXBuildFile; fileRef = 845AF77F2446E710009CA3C4 /* MainViewController.swift */; };
		845AF7832446E835009CA3C4 /* Coordinator.swift in Sources */ = {isa = PBXBuildFile; fileRef = 845AF7822446E835009CA3C4 /* Coordinator.swift */; };
		845AF7852446E8C8009CA3C4 /* Storyboarded.swift in Sources */ = {isa = PBXBuildFile; fileRef = 845AF7842446E8C8009CA3C4 /* Storyboarded.swift */; };
		845AF7872446E9E6009CA3C4 /* MainCoordinators.swift in Sources */ = {isa = PBXBuildFile; fileRef = 845AF7862446E9E6009CA3C4 /* MainCoordinators.swift */; };
		851A141C909734608FD2EC0B /* Pods_TestRouteTracker.framework in Frameworks */ = {isa = PBXBuildFile; fileRef = 749EF0A5519B2CF9FFCBB39C /* Pods_TestRouteTracker.framework */; };
/* End PBXBuildFile section */

/* Begin PBXFileReference section */
		1A620624E619992F5FCF8CB0 /* Pods-TestRouteTracker.release.xcconfig */ = {isa = PBXFileReference; includeInIndex = 1; lastKnownFileType = text.xcconfig; name = "Pods-TestRouteTracker.release.xcconfig"; path = "Target Support Files/Pods-TestRouteTracker/Pods-TestRouteTracker.release.xcconfig"; sourceTree = "<group>"; };
		37592EBCA6D33A44929B171F /* Pods-TestRouteTracker.debug.xcconfig */ = {isa = PBXFileReference; includeInIndex = 1; lastKnownFileType = text.xcconfig; name = "Pods-TestRouteTracker.debug.xcconfig"; path = "Target Support Files/Pods-TestRouteTracker/Pods-TestRouteTracker.debug.xcconfig"; sourceTree = "<group>"; };
		749EF0A5519B2CF9FFCBB39C /* Pods_TestRouteTracker.framework */ = {isa = PBXFileReference; explicitFileType = wrapper.framework; includeInIndex = 0; path = Pods_TestRouteTracker.framework; sourceTree = BUILT_PRODUCTS_DIR; };
		845AF74724313F6F009CA3C4 /* TestRouteTracker.app */ = {isa = PBXFileReference; explicitFileType = wrapper.application; includeInIndex = 0; path = TestRouteTracker.app; sourceTree = BUILT_PRODUCTS_DIR; };
		845AF74A24313F6F009CA3C4 /* AppDelegate.swift */ = {isa = PBXFileReference; lastKnownFileType = sourcecode.swift; path = AppDelegate.swift; sourceTree = "<group>"; };
		845AF74C24313F6F009CA3C4 /* SceneDelegate.swift */ = {isa = PBXFileReference; lastKnownFileType = sourcecode.swift; path = SceneDelegate.swift; sourceTree = "<group>"; };
		845AF75124313F6F009CA3C4 /* Base */ = {isa = PBXFileReference; lastKnownFileType = file.storyboard; name = Base; path = Base.lproj/Main.storyboard; sourceTree = "<group>"; };
		845AF75324313F75009CA3C4 /* Assets.xcassets */ = {isa = PBXFileReference; lastKnownFileType = folder.assetcatalog; path = Assets.xcassets; sourceTree = "<group>"; };
		845AF75624313F75009CA3C4 /* Base */ = {isa = PBXFileReference; lastKnownFileType = file.storyboard; name = Base; path = Base.lproj/LaunchScreen.storyboard; sourceTree = "<group>"; };
		845AF75824313F75009CA3C4 /* Info.plist */ = {isa = PBXFileReference; lastKnownFileType = text.plist.xml; path = Info.plist; sourceTree = "<group>"; };
		845AF75E24314026009CA3C4 /* .gitignore */ = {isa = PBXFileReference; lastKnownFileType = text; path = .gitignore; sourceTree = "<group>"; };
		845AF7672433CC55009CA3C4 /* OneViewController.swift */ = {isa = PBXFileReference; lastKnownFileType = sourcecode.swift; path = OneViewController.swift; sourceTree = "<group>"; };
		845AF76C243DDEAD009CA3C4 /* SaveRoute.swift */ = {isa = PBXFileReference; lastKnownFileType = sourcecode.swift; path = SaveRoute.swift; sourceTree = "<group>"; };
		845AF76F243E1A19009CA3C4 /* RealmData.swift */ = {isa = PBXFileReference; lastKnownFileType = sourcecode.swift; path = RealmData.swift; sourceTree = "<group>"; };
		845AF7712445AF82009CA3C4 /* User.swift */ = {isa = PBXFileReference; lastKnownFileType = sourcecode.swift; path = User.swift; sourceTree = "<group>"; };
		845AF7752445BD1A009CA3C4 /* LoginViewController.swift */ = {isa = PBXFileReference; lastKnownFileType = sourcecode.swift; path = LoginViewController.swift; sourceTree = "<group>"; };
		845AF7792445CFD0009CA3C4 /* RegistrViewController.swift */ = {isa = PBXFileReference; lastKnownFileType = sourcecode.swift; path = RegistrViewController.swift; sourceTree = "<group>"; };
		845AF77B2445D535009CA3C4 /* RealmUserData.swift */ = {isa = PBXFileReference; lastKnownFileType = sourcecode.swift; path = RealmUserData.swift; sourceTree = "<group>"; };
		845AF77F2446E710009CA3C4 /* MainViewController.swift */ = {isa = PBXFileReference; lastKnownFileType = sourcecode.swift; path = MainViewController.swift; sourceTree = "<group>"; };
		845AF7822446E835009CA3C4 /* Coordinator.swift */ = {isa = PBXFileReference; lastKnownFileType = sourcecode.swift; path = Coordinator.swift; sourceTree = "<group>"; };
		845AF7842446E8C8009CA3C4 /* Storyboarded.swift */ = {isa = PBXFileReference; lastKnownFileType = sourcecode.swift; path = Storyboarded.swift; sourceTree = "<group>"; };
		845AF7862446E9E6009CA3C4 /* MainCoordinators.swift */ = {isa = PBXFileReference; lastKnownFileType = sourcecode.swift; path = MainCoordinators.swift; sourceTree = "<group>"; };
/* End PBXFileReference section */

/* Begin PBXFrameworksBuildPhase section */
		845AF74424313F6F009CA3C4 /* Frameworks */ = {
			isa = PBXFrameworksBuildPhase;
			buildActionMask = 2147483647;
			files = (
				851A141C909734608FD2EC0B /* Pods_TestRouteTracker.framework in Frameworks */,
			);
			runOnlyForDeploymentPostprocessing = 0;
		};
/* End PBXFrameworksBuildPhase section */

/* Begin PBXGroup section */
		845AF73E24313F6F009CA3C4 = {
			isa = PBXGroup;
			children = (
				845AF75E24314026009CA3C4 /* .gitignore */,
				845AF74924313F6F009CA3C4 /* TestRouteTracker */,
				845AF74824313F6F009CA3C4 /* Products */,
				BB5C7DB652D84C66C0235BBF /* Pods */,
				ECD850C651EFF5AB740B4620 /* Frameworks */,
			);
			sourceTree = "<group>";
		};
		845AF74824313F6F009CA3C4 /* Products */ = {
			isa = PBXGroup;
			children = (
				845AF74724313F6F009CA3C4 /* TestRouteTracker.app */,
			);
			name = Products;
			sourceTree = "<group>";
		};
		845AF74924313F6F009CA3C4 /* TestRouteTracker */ = {
			isa = PBXGroup;
			children = (
				845AF77D2446E6E1009CA3C4 /* MainViewController */,
				845AF7772445CF95009CA3C4 /* RegistrViewController */,
				845AF7732445BB14009CA3C4 /* LoginViewController */,
				845AF7652433CC27009CA3C4 /* OneViewController */,
				845AF76024314601009CA3C4 /* Application */,
				845AF7642431468E009CA3C4 /* Resource */,
				845AF7812446E80A009CA3C4 /* Coordinator */,
				845AF76A243DDE76009CA3C4 /* Realm */,
			);
			path = TestRouteTracker;
			sourceTree = "<group>";
		};
		845AF76024314601009CA3C4 /* Application */ = {
			isa = PBXGroup;
			children = (
				845AF76324314638009CA3C4 /* Model */,
				845AF76224314630009CA3C4 /* View */,
				845AF76124314621009CA3C4 /* Controller */,
			);
			path = Application;
			sourceTree = "<group>";
		};
		845AF76124314621009CA3C4 /* Controller */ = {
			isa = PBXGroup;
			children = (
				845AF74C24313F6F009CA3C4 /* SceneDelegate.swift */,
				845AF74A24313F6F009CA3C4 /* AppDelegate.swift */,
			);
			path = Controller;
			sourceTree = "<group>";
		};
		845AF76224314630009CA3C4 /* View */ = {
			isa = PBXGroup;
			children = (
				845AF75024313F6F009CA3C4 /* Main.storyboard */,
				845AF75524313F75009CA3C4 /* LaunchScreen.storyboard */,
			);
			path = View;
			sourceTree = "<group>";
		};
		845AF76324314638009CA3C4 /* Model */ = {
			isa = PBXGroup;
			children = (
			);
			path = Model;
			sourceTree = "<group>";
		};
		845AF7642431468E009CA3C4 /* Resource */ = {
			isa = PBXGroup;
			children = (
				845AF75324313F75009CA3C4 /* Assets.xcassets */,
				845AF75824313F75009CA3C4 /* Info.plist */,
			);
			path = Resource;
			sourceTree = "<group>";
		};
		845AF7652433CC27009CA3C4 /* OneViewController */ = {
			isa = PBXGroup;
			children = (
				845AF7662433CC40009CA3C4 /* Controller */,
			);
			path = OneViewController;
			sourceTree = "<group>";
		};
		845AF7662433CC40009CA3C4 /* Controller */ = {
			isa = PBXGroup;
			children = (
				845AF7672433CC55009CA3C4 /* OneViewController.swift */,
			);
			path = Controller;
			sourceTree = "<group>";
		};
		845AF76A243DDE76009CA3C4 /* Realm */ = {
			isa = PBXGroup;
			children = (
				845AF76B243DDE87009CA3C4 /* Model */,
				845AF76E243E19C8009CA3C4 /* Controller */,
			);
			path = Realm;
			sourceTree = "<group>";
		};
		845AF76B243DDE87009CA3C4 /* Model */ = {
			isa = PBXGroup;
			children = (
				845AF76C243DDEAD009CA3C4 /* SaveRoute.swift */,
				845AF7712445AF82009CA3C4 /* User.swift */,
			);
			path = Model;
			sourceTree = "<group>";
		};
		845AF76E243E19C8009CA3C4 /* Controller */ = {
			isa = PBXGroup;
			children = (
				845AF76F243E1A19009CA3C4 /* RealmData.swift */,
				845AF77B2445D535009CA3C4 /* RealmUserData.swift */,
			);
			path = Controller;
			sourceTree = "<group>";
		};
		845AF7732445BB14009CA3C4 /* LoginViewController */ = {
			isa = PBXGroup;
			children = (
				845AF7742445BB3B009CA3C4 /* Controller */,
			);
			path = LoginViewController;
			sourceTree = "<group>";
		};
		845AF7742445BB3B009CA3C4 /* Controller */ = {
			isa = PBXGroup;
			children = (
				845AF7752445BD1A009CA3C4 /* LoginViewController.swift */,
			);
			path = Controller;
			sourceTree = "<group>";
		};
		845AF7772445CF95009CA3C4 /* RegistrViewController */ = {
			isa = PBXGroup;
			children = (
				845AF7782445CFB8009CA3C4 /* Controller */,
			);
			path = RegistrViewController;
			sourceTree = "<group>";
		};
		845AF7782445CFB8009CA3C4 /* Controller */ = {
			isa = PBXGroup;
			children = (
				845AF7792445CFD0009CA3C4 /* RegistrViewController.swift */,
			);
			path = Controller;
			sourceTree = "<group>";
		};
		845AF77D2446E6E1009CA3C4 /* MainViewController */ = {
			isa = PBXGroup;
			children = (
				845AF77E2446E6FC009CA3C4 /* Controller */,
			);
			path = MainViewController;
			sourceTree = "<group>";
		};
		845AF77E2446E6FC009CA3C4 /* Controller */ = {
			isa = PBXGroup;
			children = (
				845AF77F2446E710009CA3C4 /* MainViewController.swift */,
			);
			path = Controller;
			sourceTree = "<group>";
		};
		845AF7812446E80A009CA3C4 /* Coordinator */ = {
			isa = PBXGroup;
			children = (
				845AF7822446E835009CA3C4 /* Coordinator.swift */,
				845AF7842446E8C8009CA3C4 /* Storyboarded.swift */,
				845AF7862446E9E6009CA3C4 /* MainCoordinators.swift */,
			);
			path = Coordinator;
			sourceTree = "<group>";
		};
		BB5C7DB652D84C66C0235BBF /* Pods */ = {
			isa = PBXGroup;
			children = (
				37592EBCA6D33A44929B171F /* Pods-TestRouteTracker.debug.xcconfig */,
				1A620624E619992F5FCF8CB0 /* Pods-TestRouteTracker.release.xcconfig */,
			);
			path = Pods;
			sourceTree = "<group>";
		};
		ECD850C651EFF5AB740B4620 /* Frameworks */ = {
			isa = PBXGroup;
			children = (
				749EF0A5519B2CF9FFCBB39C /* Pods_TestRouteTracker.framework */,
			);
			name = Frameworks;
			sourceTree = "<group>";
		};
/* End PBXGroup section */

/* Begin PBXNativeTarget section */
		845AF74624313F6F009CA3C4 /* TestRouteTracker */ = {
			isa = PBXNativeTarget;
			buildConfigurationList = 845AF75B24313F75009CA3C4 /* Build configuration list for PBXNativeTarget "TestRouteTracker" */;
			buildPhases = (
				E81BF8F1AC347276BC9694EC /* [CP] Check Pods Manifest.lock */,
				845AF74324313F6F009CA3C4 /* Sources */,
				845AF74424313F6F009CA3C4 /* Frameworks */,
				845AF74524313F6F009CA3C4 /* Resources */,
				801DDA470F914603AE3A3D9E /* [CP] Copy Pods Resources */,
				F44B86D4C49F9BF4F4DBB707 /* [CP] Embed Pods Frameworks */,
			);
			buildRules = (
			);
			dependencies = (
			);
			name = TestRouteTracker;
			productName = TestRouteTracker;
			productReference = 845AF74724313F6F009CA3C4 /* TestRouteTracker.app */;
			productType = "com.apple.product-type.application";
		};
/* End PBXNativeTarget section */

/* Begin PBXProject section */
		845AF73F24313F6F009CA3C4 /* Project object */ = {
			isa = PBXProject;
			attributes = {
				LastSwiftUpdateCheck = 1140;
				LastUpgradeCheck = 1140;
				ORGANIZATIONNAME = admin;
				TargetAttributes = {
					845AF74624313F6F009CA3C4 = {
						CreatedOnToolsVersion = 11.4;
					};
				};
			};
			buildConfigurationList = 845AF74224313F6F009CA3C4 /* Build configuration list for PBXProject "TestRouteTracker" */;
			compatibilityVersion = "Xcode 9.3";
			developmentRegion = en;
			hasScannedForEncodings = 0;
			knownRegions = (
				en,
				Base,
			);
			mainGroup = 845AF73E24313F6F009CA3C4;
			productRefGroup = 845AF74824313F6F009CA3C4 /* Products */;
			projectDirPath = "";
			projectRoot = "";
			targets = (
				845AF74624313F6F009CA3C4 /* TestRouteTracker */,
			);
		};
/* End PBXProject section */

/* Begin PBXResourcesBuildPhase section */
		845AF74524313F6F009CA3C4 /* Resources */ = {
			isa = PBXResourcesBuildPhase;
			buildActionMask = 2147483647;
			files = (
				845AF75F24314026009CA3C4 /* .gitignore in Resources */,
				845AF75724313F75009CA3C4 /* LaunchScreen.storyboard in Resources */,
				845AF75424313F75009CA3C4 /* Assets.xcassets in Resources */,
				845AF75224313F6F009CA3C4 /* Main.storyboard in Resources */,
			);
			runOnlyForDeploymentPostprocessing = 0;
		};
/* End PBXResourcesBuildPhase section */

/* Begin PBXShellScriptBuildPhase section */
		801DDA470F914603AE3A3D9E /* [CP] Copy Pods Resources */ = {
			isa = PBXShellScriptBuildPhase;
			buildActionMask = 2147483647;
			files = (
			);
			inputFileListPaths = (
				"${PODS_ROOT}/Target Support Files/Pods-TestRouteTracker/Pods-TestRouteTracker-resources-${CONFIGURATION}-input-files.xcfilelist",
			);
			name = "[CP] Copy Pods Resources";
			outputFileListPaths = (
				"${PODS_ROOT}/Target Support Files/Pods-TestRouteTracker/Pods-TestRouteTracker-resources-${CONFIGURATION}-output-files.xcfilelist",
			);
			runOnlyForDeploymentPostprocessing = 0;
			shellPath = /bin/sh;
			shellScript = "\"${PODS_ROOT}/Target Support Files/Pods-TestRouteTracker/Pods-TestRouteTracker-resources.sh\"\n";
			showEnvVarsInLog = 0;
		};
		E81BF8F1AC347276BC9694EC /* [CP] Check Pods Manifest.lock */ = {
			isa = PBXShellScriptBuildPhase;
			buildActionMask = 2147483647;
			files = (
			);
			inputFileListPaths = (
			);
			inputPaths = (
				"${PODS_PODFILE_DIR_PATH}/Podfile.lock",
				"${PODS_ROOT}/Manifest.lock",
			);
			name = "[CP] Check Pods Manifest.lock";
			outputFileListPaths = (
			);
			outputPaths = (
				"$(DERIVED_FILE_DIR)/Pods-TestRouteTracker-checkManifestLockResult.txt",
			);
			runOnlyForDeploymentPostprocessing = 0;
			shellPath = /bin/sh;
			shellScript = "diff \"${PODS_PODFILE_DIR_PATH}/Podfile.lock\" \"${PODS_ROOT}/Manifest.lock\" > /dev/null\nif [ $? != 0 ] ; then\n    # print error to STDERR\n    echo \"error: The sandbox is not in sync with the Podfile.lock. Run 'pod install' or update your CocoaPods installation.\" >&2\n    exit 1\nfi\n# This output is used by Xcode 'outputs' to avoid re-running this script phase.\necho \"SUCCESS\" > \"${SCRIPT_OUTPUT_FILE_0}\"\n";
			showEnvVarsInLog = 0;
		};
		F44B86D4C49F9BF4F4DBB707 /* [CP] Embed Pods Frameworks */ = {
			isa = PBXShellScriptBuildPhase;
			buildActionMask = 2147483647;
			files = (
			);
			inputFileListPaths = (
				"${PODS_ROOT}/Target Support Files/Pods-TestRouteTracker/Pods-TestRouteTracker-frameworks-${CONFIGURATION}-input-files.xcfilelist",
			);
			name = "[CP] Embed Pods Frameworks";
			outputFileListPaths = (
				"${PODS_ROOT}/Target Support Files/Pods-TestRouteTracker/Pods-TestRouteTracker-frameworks-${CONFIGURATION}-output-files.xcfilelist",
			);
			runOnlyForDeploymentPostprocessing = 0;
			shellPath = /bin/sh;
			shellScript = "\"${PODS_ROOT}/Target Support Files/Pods-TestRouteTracker/Pods-TestRouteTracker-frameworks.sh\"\n";
			showEnvVarsInLog = 0;
		};
/* End PBXShellScriptBuildPhase section */

/* Begin PBXSourcesBuildPhase section */
		845AF74324313F6F009CA3C4 /* Sources */ = {
			isa = PBXSourcesBuildPhase;
			buildActionMask = 2147483647;
			files = (
				845AF7762445BD1A009CA3C4 /* LoginViewController.swift in Sources */,
				845AF77C2445D535009CA3C4 /* RealmUserData.swift in Sources */,
				845AF76D243DDEAD009CA3C4 /* SaveRoute.swift in Sources */,
				845AF7682433CC55009CA3C4 /* OneViewController.swift in Sources */,
				845AF7722445AF82009CA3C4 /* User.swift in Sources */,
				845AF770243E1A19009CA3C4 /* RealmData.swift in Sources */,
				845AF7832446E835009CA3C4 /* Coordinator.swift in Sources */,
				845AF77A2445CFD0009CA3C4 /* RegistrViewController.swift in Sources */,
				845AF74B24313F6F009CA3C4 /* AppDelegate.swift in Sources */,
				845AF74D24313F6F009CA3C4 /* SceneDelegate.swift in Sources */,
				845AF7802446E710009CA3C4 /* MainViewController.swift in Sources */,
				845AF7852446E8C8009CA3C4 /* Storyboarded.swift in Sources */,
				845AF7872446E9E6009CA3C4 /* MainCoordinators.swift in Sources */,
			);
			runOnlyForDeploymentPostprocessing = 0;
		};
/* End PBXSourcesBuildPhase section */

/* Begin PBXVariantGroup section */
		845AF75024313F6F009CA3C4 /* Main.storyboard */ = {
			isa = PBXVariantGroup;
			children = (
				845AF75124313F6F009CA3C4 /* Base */,
			);
			name = Main.storyboard;
			sourceTree = "<group>";
		};
		845AF75524313F75009CA3C4 /* LaunchScreen.storyboard */ = {
			isa = PBXVariantGroup;
			children = (
				845AF75624313F75009CA3C4 /* Base */,
			);
			name = LaunchScreen.storyboard;
			sourceTree = "<group>";
		};
/* End PBXVariantGroup section */

/* Begin XCBuildConfiguration section */
		845AF75924313F75009CA3C4 /* Debug */ = {
			isa = XCBuildConfiguration;
			buildSettings = {
				ALWAYS_SEARCH_USER_PATHS = NO;
				CLANG_ANALYZER_NONNULL = YES;
				CLANG_ANALYZER_NUMBER_OBJECT_CONVERSION = YES_AGGRESSIVE;
				CLANG_CXX_LANGUAGE_STANDARD = "gnu++14";
				CLANG_CXX_LIBRARY = "libc++";
				CLANG_ENABLE_MODULES = YES;
				CLANG_ENABLE_OBJC_ARC = YES;
				CLANG_ENABLE_OBJC_WEAK = YES;
				CLANG_WARN_BLOCK_CAPTURE_AUTORELEASING = YES;
				CLANG_WARN_BOOL_CONVERSION = YES;
				CLANG_WARN_COMMA = YES;
				CLANG_WARN_CONSTANT_CONVERSION = YES;
				CLANG_WARN_DEPRECATED_OBJC_IMPLEMENTATIONS = YES;
				CLANG_WARN_DIRECT_OBJC_ISA_USAGE = YES_ERROR;
				CLANG_WARN_DOCUMENTATION_COMMENTS = YES;
				CLANG_WARN_EMPTY_BODY = YES;
				CLANG_WARN_ENUM_CONVERSION = YES;
				CLANG_WARN_INFINITE_RECURSION = YES;
				CLANG_WARN_INT_CONVERSION = YES;
				CLANG_WARN_NON_LITERAL_NULL_CONVERSION = YES;
				CLANG_WARN_OBJC_IMPLICIT_RETAIN_SELF = YES;
				CLANG_WARN_OBJC_LITERAL_CONVERSION = YES;
				CLANG_WARN_OBJC_ROOT_CLASS = YES_ERROR;
				CLANG_WARN_RANGE_LOOP_ANALYSIS = YES;
				CLANG_WARN_STRICT_PROTOTYPES = YES;
				CLANG_WARN_SUSPICIOUS_MOVE = YES;
				CLANG_WARN_UNGUARDED_AVAILABILITY = YES_AGGRESSIVE;
				CLANG_WARN_UNREACHABLE_CODE = YES;
				CLANG_WARN__DUPLICATE_METHOD_MATCH = YES;
				COPY_PHASE_STRIP = NO;
				DEBUG_INFORMATION_FORMAT = dwarf;
				ENABLE_STRICT_OBJC_MSGSEND = YES;
				ENABLE_TESTABILITY = YES;
				GCC_C_LANGUAGE_STANDARD = gnu11;
				GCC_DYNAMIC_NO_PIC = NO;
				GCC_NO_COMMON_BLOCKS = YES;
				GCC_OPTIMIZATION_LEVEL = 0;
				GCC_PREPROCESSOR_DEFINITIONS = (
					"DEBUG=1",
					"$(inherited)",
				);
				GCC_WARN_64_TO_32_BIT_CONVERSION = YES;
				GCC_WARN_ABOUT_RETURN_TYPE = YES_ERROR;
				GCC_WARN_UNDECLARED_SELECTOR = YES;
				GCC_WARN_UNINITIALIZED_AUTOS = YES_AGGRESSIVE;
				GCC_WARN_UNUSED_FUNCTION = YES;
				GCC_WARN_UNUSED_VARIABLE = YES;
				IPHONEOS_DEPLOYMENT_TARGET = 13.4;
				MTL_ENABLE_DEBUG_INFO = INCLUDE_SOURCE;
				MTL_FAST_MATH = YES;
				ONLY_ACTIVE_ARCH = YES;
				SDKROOT = iphoneos;
				SWIFT_ACTIVE_COMPILATION_CONDITIONS = DEBUG;
				SWIFT_OPTIMIZATION_LEVEL = "-Onone";
			};
			name = Debug;
		};
		845AF75A24313F75009CA3C4 /* Release */ = {
			isa = XCBuildConfiguration;
			buildSettings = {
				ALWAYS_SEARCH_USER_PATHS = NO;
				CLANG_ANALYZER_NONNULL = YES;
				CLANG_ANALYZER_NUMBER_OBJECT_CONVERSION = YES_AGGRESSIVE;
				CLANG_CXX_LANGUAGE_STANDARD = "gnu++14";
				CLANG_CXX_LIBRARY = "libc++";
				CLANG_ENABLE_MODULES = YES;
				CLANG_ENABLE_OBJC_ARC = YES;
				CLANG_ENABLE_OBJC_WEAK = YES;
				CLANG_WARN_BLOCK_CAPTURE_AUTORELEASING = YES;
				CLANG_WARN_BOOL_CONVERSION = YES;
				CLANG_WARN_COMMA = YES;
				CLANG_WARN_CONSTANT_CONVERSION = YES;
				CLANG_WARN_DEPRECATED_OBJC_IMPLEMENTATIONS = YES;
				CLANG_WARN_DIRECT_OBJC_ISA_USAGE = YES_ERROR;
				CLANG_WARN_DOCUMENTATION_COMMENTS = YES;
				CLANG_WARN_EMPTY_BODY = YES;
				CLANG_WARN_ENUM_CONVERSION = YES;
				CLANG_WARN_INFINITE_RECURSION = YES;
				CLANG_WARN_INT_CONVERSION = YES;
				CLANG_WARN_NON_LITERAL_NULL_CONVERSION = YES;
				CLANG_WARN_OBJC_IMPLICIT_RETAIN_SELF = YES;
				CLANG_WARN_OBJC_LITERAL_CONVERSION = YES;
				CLANG_WARN_OBJC_ROOT_CLASS = YES_ERROR;
				CLANG_WARN_RANGE_LOOP_ANALYSIS = YES;
				CLANG_WARN_STRICT_PROTOTYPES = YES;
				CLANG_WARN_SUSPICIOUS_MOVE = YES;
				CLANG_WARN_UNGUARDED_AVAILABILITY = YES_AGGRESSIVE;
				CLANG_WARN_UNREACHABLE_CODE = YES;
				CLANG_WARN__DUPLICATE_METHOD_MATCH = YES;
				COPY_PHASE_STRIP = NO;
				DEBUG_INFORMATION_FORMAT = "dwarf-with-dsym";
				ENABLE_NS_ASSERTIONS = NO;
				ENABLE_STRICT_OBJC_MSGSEND = YES;
				GCC_C_LANGUAGE_STANDARD = gnu11;
				GCC_NO_COMMON_BLOCKS = YES;
				GCC_WARN_64_TO_32_BIT_CONVERSION = YES;
				GCC_WARN_ABOUT_RETURN_TYPE = YES_ERROR;
				GCC_WARN_UNDECLARED_SELECTOR = YES;
				GCC_WARN_UNINITIALIZED_AUTOS = YES_AGGRESSIVE;
				GCC_WARN_UNUSED_FUNCTION = YES;
				GCC_WARN_UNUSED_VARIABLE = YES;
				IPHONEOS_DEPLOYMENT_TARGET = 13.4;
				MTL_ENABLE_DEBUG_INFO = NO;
				MTL_FAST_MATH = YES;
				SDKROOT = iphoneos;
				SWIFT_COMPILATION_MODE = wholemodule;
				SWIFT_OPTIMIZATION_LEVEL = "-O";
				VALIDATE_PRODUCT = YES;
			};
			name = Release;
		};
		845AF75C24313F75009CA3C4 /* Debug */ = {
			isa = XCBuildConfiguration;
			baseConfigurationReference = 37592EBCA6D33A44929B171F /* Pods-TestRouteTracker.debug.xcconfig */;
			buildSettings = {
				ASSETCATALOG_COMPILER_APPICON_NAME = AppIcon;
				CODE_SIGN_STYLE = Automatic;
				DEVELOPMENT_TEAM = 2PQ8675BM6;
				INFOPLIST_FILE = "$(SRCROOT)/TestRouteTracker/Resource/Info.plist";
				IPHONEOS_DEPLOYMENT_TARGET = 13.1;
				LD_RUNPATH_SEARCH_PATHS = (
					"$(inherited)",
					"@executable_path/Frameworks",
				);
				PRODUCT_BUNDLE_IDENTIFIER = denis.TestRouteTracker;
				PRODUCT_NAME = "$(TARGET_NAME)";
				SWIFT_VERSION = 5.0;
				TARGETED_DEVICE_FAMILY = "1,2";
			};
			name = Debug;
		};
		845AF75D24313F75009CA3C4 /* Release */ = {
			isa = XCBuildConfiguration;
			baseConfigurationReference = 1A620624E619992F5FCF8CB0 /* Pods-TestRouteTracker.release.xcconfig */;
			buildSettings = {
				ASSETCATALOG_COMPILER_APPICON_NAME = AppIcon;
				CODE_SIGN_STYLE = Automatic;
				DEVELOPMENT_TEAM = 2PQ8675BM6;
				INFOPLIST_FILE = "$(SRCROOT)/TestRouteTracker/Resource/Info.plist";
				IPHONEOS_DEPLOYMENT_TARGET = 13.1;
				LD_RUNPATH_SEARCH_PATHS = (
					"$(inherited)",
					"@executable_path/Frameworks",
				);
				PRODUCT_BUNDLE_IDENTIFIER = denis.TestRouteTracker;
				PRODUCT_NAME = "$(TARGET_NAME)";
				SWIFT_VERSION = 5.0;
				TARGETED_DEVICE_FAMILY = "1,2";
			};
			name = Release;
		};
/* End XCBuildConfiguration section */

/* Begin XCConfigurationList section */
		845AF74224313F6F009CA3C4 /* Build configuration list for PBXProject "TestRouteTracker" */ = {
			isa = XCConfigurationList;
			buildConfigurations = (
				845AF75924313F75009CA3C4 /* Debug */,
				845AF75A24313F75009CA3C4 /* Release */,
			);
			defaultConfigurationIsVisible = 0;
			defaultConfigurationName = Release;
		};
		845AF75B24313F75009CA3C4 /* Build configuration list for PBXNativeTarget "TestRouteTracker" */ = {
			isa = XCConfigurationList;
			buildConfigurations = (
				845AF75C24313F75009CA3C4 /* Debug */,
				845AF75D24313F75009CA3C4 /* Release */,
			);
			defaultConfigurationIsVisible = 0;
			defaultConfigurationName = Release;
		};
/* End XCConfigurationList section */
	};
	rootObject = 845AF73F24313F6F009CA3C4 /* Project object */;
}
